
Microsoft Visual Studio Solution File, Format Version 12.00
# Visual Studio Version 17
VisualStudioVersion = 17.0.32112.339
MinimumVisualStudioVersion = 10.0.40219.1
Project("{FAE04EC0-301F-11D3-BF4B-00C04F79EFBC}") = "SimpleBookAPI", "SimpleBookAPI.csproj", "{9A20736B-991B-4FCC-AC81-2E634F2639F2}"
EndProject
Global
	GlobalSection(SolutionConfigurationPlatforms) = preSolution
		Debug|Any CPU = Debug|Any CPU
		Release|Any CPU = Release|Any CPU
	EndGlobalSection
	GlobalSection(ProjectConfigurationPlatforms) = postSolution
		{9A20736B-991B-4FCC-AC81-2E634F2639F2}.Debug|Any CPU.ActiveCfg = Debug|Any CPU
		{9A20736B-991B-4FCC-AC81-2E634F2639F2}.Debug|Any CPU.Build.0 = Debug|Any CPU
		{9A20736B-991B-4FCC-AC81-2E634F2639F2}.Release|Any CPU.ActiveCfg = Release|Any CPU
		{9A20736B-991B-4FCC-AC81-2E634F2639F2}.Release|Any CPU.Build.0 = Release|Any CPU
	EndGlobalSection
	GlobalSection(SolutionProperties) = preSolution
		HideSolutionNode = FALSE
	EndGlobalSection
	GlobalSection(ExtensibilityGlobals) = postSolution
		SolutionGuid = {E8029AE2-926F-4FEE-AE60-E4C659932DBA}
	EndGlobalSection
EndGlobal
